
Microsoft Visual Studio Solution File, Format Version 12.00
# Visual Studio 14
VisualStudioVersion = 14.0.25420.1
MinimumVisualStudioVersion = 10.0.40219.1
Project("{2150E333-8FDC-42A3-9474-1A3956D46DE8}") = "src", "src", "{8A6A8627-0826-4551-AA27-8B1E45CFFF0A}"
EndProject
Project("{2150E333-8FDC-42A3-9474-1A3956D46DE8}") = "Solution Items", "Solution Items", "{848BA72B-6E0A-4D6C-ACD5-19586875E5E8}"
	ProjectSection(SolutionItems) = preProject
		global.json = global.json
	EndProjectSection
EndProject
Project("{8BB2217D-0F2D-49D1-97BC-3654ED321F3B}") = "AESharp.Core", "src\AESharp.Core\AESharp.Core.xproj", "{3FF99C73-9D1C-475D-B5AF-1CBCCD70A44D}"
EndProject
Project("{8BB2217D-0F2D-49D1-97BC-3654ED321F3B}") = "AESharp.Networking", "src\AESharp.Networking\AESharp.Networking.xproj", "{4F10CBB9-9772-445F-8ADC-68D2F194D24F}"
EndProject
Project("{8BB2217D-0F2D-49D1-97BC-3654ED321F3B}") = "AESharp.Logon", "src\Binaries\Game\AESharp.Logon\AESharp.Logon.xproj", "{0B17C762-311F-4A1A-875F-5F9C3083E10D}"
EndProject
Project("{8BB2217D-0F2D-49D1-97BC-3654ED321F3B}") = "AESharp.Logging", "src\AESharp.Logging\AESharp.Logging.xproj", "{91E7FF95-396F-4AB1-A1AB-60049965ABBE}"
EndProject
Project("{8BB2217D-0F2D-49D1-97BC-3654ED321F3B}") = "AESharp.Router", "src\AESharp.Router\AESharp.Router.xproj", "{FA020EDD-556F-404F-9A91-92D028341FBB}"
EndProject
Project("{8BB2217D-0F2D-49D1-97BC-3654ED321F3B}") = "AESharp.Realm", "src\Binaries\Game\AESharp.Realm\AESharp.Realm.xproj", "{699770B8-AAE6-4F6B-BB1D-CFA2869265E5}"
EndProject
Project("{8BB2217D-0F2D-49D1-97BC-3654ED321F3B}") = "AESharp.Admin", "src\AESharp.Admin\AESharp.Admin.xproj", "{DD39D477-9058-4246-89A1-A997CB5C985D}"
EndProject
Project("{FAE04EC0-301F-11D3-BF4B-00C04F79EFBC}") = "AESharp.Testing.Logon", "src\AESharp.Testing.Logon\AESharp.Testing.Logon.csproj", "{F4FF56F5-DF9F-4F19-8590-01692CDAB235}"
EndProject
Project("{8BB2217D-0F2D-49D1-97BC-3654ED321F3B}") = "AESharp.Logon.Universal.Networking", "src\AESharp.Logon.Universal.Networking\AESharp.Logon.Universal.Networking.xproj", "{DAB390B4-0B4E-4807-B945-265005C94981}"
EndProject
Project("{8BB2217D-0F2D-49D1-97BC-3654ED321F3B}") = "AESharp.Interop", "src\AESharp.Interop\AESharp.Interop.xproj", "{C036368A-2117-4176-904B-631885683EE3}"
EndProject
Project("{2150E333-8FDC-42A3-9474-1A3956D46DE8}") = "Binaries", "Binaries", "{06428EFF-4B1A-4091-860B-47BC296DEC92}"
EndProject
Project("{2150E333-8FDC-42A3-9474-1A3956D46DE8}") = "Game", "Game", "{1F811C59-71AF-408A-BBF3-BAF83248A203}"
EndProject
Global
	GlobalSection(SolutionConfigurationPlatforms) = preSolution
		Debug|Any CPU = Debug|Any CPU
		Release|Any CPU = Release|Any CPU
	EndGlobalSection
	GlobalSection(ProjectConfigurationPlatforms) = postSolution
		{3FF99C73-9D1C-475D-B5AF-1CBCCD70A44D}.Debug|Any CPU.ActiveCfg = Debug|Any CPU
		{3FF99C73-9D1C-475D-B5AF-1CBCCD70A44D}.Debug|Any CPU.Build.0 = Debug|Any CPU
		{3FF99C73-9D1C-475D-B5AF-1CBCCD70A44D}.Release|Any CPU.ActiveCfg = Release|Any CPU
		{3FF99C73-9D1C-475D-B5AF-1CBCCD70A44D}.Release|Any CPU.Build.0 = Release|Any CPU
		{4F10CBB9-9772-445F-8ADC-68D2F194D24F}.Debug|Any CPU.ActiveCfg = Debug|Any CPU
		{4F10CBB9-9772-445F-8ADC-68D2F194D24F}.Debug|Any CPU.Build.0 = Debug|Any CPU
		{4F10CBB9-9772-445F-8ADC-68D2F194D24F}.Release|Any CPU.ActiveCfg = Release|Any CPU
		{4F10CBB9-9772-445F-8ADC-68D2F194D24F}.Release|Any CPU.Build.0 = Release|Any CPU
		{0B17C762-311F-4A1A-875F-5F9C3083E10D}.Debug|Any CPU.ActiveCfg = Debug|Any CPU
		{0B17C762-311F-4A1A-875F-5F9C3083E10D}.Debug|Any CPU.Build.0 = Debug|Any CPU
		{0B17C762-311F-4A1A-875F-5F9C3083E10D}.Release|Any CPU.ActiveCfg = Release|Any CPU
		{0B17C762-311F-4A1A-875F-5F9C3083E10D}.Release|Any CPU.Build.0 = Release|Any CPU
		{91E7FF95-396F-4AB1-A1AB-60049965ABBE}.Debug|Any CPU.ActiveCfg = Debug|Any CPU
		{91E7FF95-396F-4AB1-A1AB-60049965ABBE}.Debug|Any CPU.Build.0 = Debug|Any CPU
		{91E7FF95-396F-4AB1-A1AB-60049965ABBE}.Release|Any CPU.ActiveCfg = Release|Any CPU
		{91E7FF95-396F-4AB1-A1AB-60049965ABBE}.Release|Any CPU.Build.0 = Release|Any CPU
		{FA020EDD-556F-404F-9A91-92D028341FBB}.Debug|Any CPU.ActiveCfg = Debug|Any CPU
		{FA020EDD-556F-404F-9A91-92D028341FBB}.Debug|Any CPU.Build.0 = Debug|Any CPU
		{FA020EDD-556F-404F-9A91-92D028341FBB}.Release|Any CPU.ActiveCfg = Release|Any CPU
		{FA020EDD-556F-404F-9A91-92D028341FBB}.Release|Any CPU.Build.0 = Release|Any CPU
		{699770B8-AAE6-4F6B-BB1D-CFA2869265E5}.Debug|Any CPU.ActiveCfg = Debug|Any CPU
		{699770B8-AAE6-4F6B-BB1D-CFA2869265E5}.Debug|Any CPU.Build.0 = Debug|Any CPU
		{699770B8-AAE6-4F6B-BB1D-CFA2869265E5}.Release|Any CPU.ActiveCfg = Release|Any CPU
		{699770B8-AAE6-4F6B-BB1D-CFA2869265E5}.Release|Any CPU.Build.0 = Release|Any CPU
		{DD39D477-9058-4246-89A1-A997CB5C985D}.Debug|Any CPU.ActiveCfg = Debug|Any CPU
		{DD39D477-9058-4246-89A1-A997CB5C985D}.Debug|Any CPU.Build.0 = Debug|Any CPU
		{DD39D477-9058-4246-89A1-A997CB5C985D}.Release|Any CPU.ActiveCfg = Release|Any CPU
		{DD39D477-9058-4246-89A1-A997CB5C985D}.Release|Any CPU.Build.0 = Release|Any CPU
		{F4FF56F5-DF9F-4F19-8590-01692CDAB235}.Debug|Any CPU.ActiveCfg = Debug|Any CPU
		{F4FF56F5-DF9F-4F19-8590-01692CDAB235}.Debug|Any CPU.Build.0 = Debug|Any CPU
		{F4FF56F5-DF9F-4F19-8590-01692CDAB235}.Release|Any CPU.ActiveCfg = Release|Any CPU
		{F4FF56F5-DF9F-4F19-8590-01692CDAB235}.Release|Any CPU.Build.0 = Release|Any CPU
		{DAB390B4-0B4E-4807-B945-265005C94981}.Debug|Any CPU.ActiveCfg = Debug|Any CPU
		{DAB390B4-0B4E-4807-B945-265005C94981}.Debug|Any CPU.Build.0 = Debug|Any CPU
		{DAB390B4-0B4E-4807-B945-265005C94981}.Release|Any CPU.ActiveCfg = Release|Any CPU
		{DAB390B4-0B4E-4807-B945-265005C94981}.Release|Any CPU.Build.0 = Release|Any CPU
		{C036368A-2117-4176-904B-631885683EE3}.Debug|Any CPU.ActiveCfg = Debug|Any CPU
		{C036368A-2117-4176-904B-631885683EE3}.Debug|Any CPU.Build.0 = Debug|Any CPU
		{C036368A-2117-4176-904B-631885683EE3}.Release|Any CPU.ActiveCfg = Release|Any CPU
		{C036368A-2117-4176-904B-631885683EE3}.Release|Any CPU.Build.0 = Release|Any CPU
	EndGlobalSection
	GlobalSection(SolutionProperties) = preSolution
		HideSolutionNode = FALSE
	EndGlobalSection
	GlobalSection(NestedProjects) = preSolution
		{3FF99C73-9D1C-475D-B5AF-1CBCCD70A44D} = {8A6A8627-0826-4551-AA27-8B1E45CFFF0A}
		{4F10CBB9-9772-445F-8ADC-68D2F194D24F} = {8A6A8627-0826-4551-AA27-8B1E45CFFF0A}
		{0B17C762-311F-4A1A-875F-5F9C3083E10D} = {1F811C59-71AF-408A-BBF3-BAF83248A203}
		{91E7FF95-396F-4AB1-A1AB-60049965ABBE} = {8A6A8627-0826-4551-AA27-8B1E45CFFF0A}
		{FA020EDD-556F-404F-9A91-92D028341FBB} = {8A6A8627-0826-4551-AA27-8B1E45CFFF0A}
		{699770B8-AAE6-4F6B-BB1D-CFA2869265E5} = {1F811C59-71AF-408A-BBF3-BAF83248A203}
		{DD39D477-9058-4246-89A1-A997CB5C985D} = {8A6A8627-0826-4551-AA27-8B1E45CFFF0A}
		{F4FF56F5-DF9F-4F19-8590-01692CDAB235} = {8A6A8627-0826-4551-AA27-8B1E45CFFF0A}
		{DAB390B4-0B4E-4807-B945-265005C94981} = {8A6A8627-0826-4551-AA27-8B1E45CFFF0A}
		{C036368A-2117-4176-904B-631885683EE3} = {8A6A8627-0826-4551-AA27-8B1E45CFFF0A}
		{06428EFF-4B1A-4091-860B-47BC296DEC92} = {8A6A8627-0826-4551-AA27-8B1E45CFFF0A}
		{1F811C59-71AF-408A-BBF3-BAF83248A203} = {06428EFF-4B1A-4091-860B-47BC296DEC92}
	EndGlobalSection
EndGlobal
